// !$*UTF8*$!
{
	archiveVersion = 1;
	classes = {
	};
	objectVersion = 46;
	objects = {

/* Begin PBXBuildFile section */
		266638F51C0AC3AA00543A48 /* main.m in Sources */ = {isa = PBXBuildFile; fileRef = 266638F41C0AC3AA00543A48 /* main.m */; };
		266638F81C0AC3AA00543A48 /* AppDelegate.m in Sources */ = {isa = PBXBuildFile; fileRef = 266638F71C0AC3AA00543A48 /* AppDelegate.m */; };
		266638FB1C0AC3AA00543A48 /* ViewController.m in Sources */ = {isa = PBXBuildFile; fileRef = 266638FA1C0AC3AA00543A48 /* ViewController.m */; };
		266638FE1C0AC3AA00543A48 /* Main.storyboard in Resources */ = {isa = PBXBuildFile; fileRef = 266638FC1C0AC3AA00543A48 /* Main.storyboard */; };
		266639011C0AC3AA00543A48 /* AppConekta.xcdatamodeld in Sources */ = {isa = PBXBuildFile; fileRef = 266638FF1C0AC3AA00543A48 /* AppConekta.xcdatamodeld */; };
		266639031C0AC3AA00543A48 /* Assets.xcassets in Resources */ = {isa = PBXBuildFile; fileRef = 266639021C0AC3AA00543A48 /* Assets.xcassets */; };
		266639061C0AC3AA00543A48 /* LaunchScreen.storyboard in Resources */ = {isa = PBXBuildFile; fileRef = 266639041C0AC3AA00543A48 /* LaunchScreen.storyboard */; };
/* End PBXBuildFile section */

/* Begin PBXFileReference section */
		266638F01C0AC3AA00543A48 /* AppConekta.app */ = {isa = PBXFileReference; explicitFileType = wrapper.application; includeInIndex = 0; path = AppConekta.app; sourceTree = BUILT_PRODUCTS_DIR; };
		266638F41C0AC3AA00543A48 /* main.m */ = {isa = PBXFileReference; lastKnownFileType = sourcecode.c.objc; path = main.m; sourceTree = "<group>"; };
		266638F61C0AC3AA00543A48 /* AppDelegate.h */ = {isa = PBXFileReference; lastKnownFileType = sourcecode.c.h; path = AppDelegate.h; sourceTree = "<group>"; };
		266638F71C0AC3AA00543A48 /* AppDelegate.m */ = {isa = PBXFileReference; lastKnownFileType = sourcecode.c.objc; path = AppDelegate.m; sourceTree = "<group>"; };
		266638F91C0AC3AA00543A48 /* ViewController.h */ = {isa = PBXFileReference; lastKnownFileType = sourcecode.c.h; path = ViewController.h; sourceTree = "<group>"; };
		266638FA1C0AC3AA00543A48 /* ViewController.m */ = {isa = PBXFileReference; lastKnownFileType = sourcecode.c.objc; path = ViewController.m; sourceTree = "<group>"; };
		266638FD1C0AC3AA00543A48 /* Base */ = {isa = PBXFileReference; lastKnownFileType = file.storyboard; name = Base; path = Base.lproj/Main.storyboard; sourceTree = "<group>"; };
		266639001C0AC3AA00543A48 /* AppConekta.xcdatamodel */ = {isa = PBXFileReference; lastKnownFileType = wrapper.xcdatamodel; path = AppConekta.xcdatamodel; sourceTree = "<group>"; };
		266639021C0AC3AA00543A48 /* Assets.xcassets */ = {isa = PBXFileReference; lastKnownFileType = folder.assetcatalog; path = Assets.xcassets; sourceTree = "<group>"; };
		266639051C0AC3AA00543A48 /* Base */ = {isa = PBXFileReference; lastKnownFileType = file.storyboard; name = Base; path = Base.lproj/LaunchScreen.storyboard; sourceTree = "<group>"; };
		266639071C0AC3AA00543A48 /* Info.plist */ = {isa = PBXFileReference; lastKnownFileType = text.plist.xml; path = Info.plist; sourceTree = "<group>"; };
/* End PBXFileReference section */

/* Begin PBXFrameworksBuildPhase section */
		266638ED1C0AC3AA00543A48 /* Frameworks */ = {
			isa = PBXFrameworksBuildPhase;
			buildActionMask = 2147483647;
			files = (
			);
			runOnlyForDeploymentPostprocessing = 0;
		};
/* End PBXFrameworksBuildPhase section */

/* Begin PBXGroup section */
		266638E71C0AC3AA00543A48 = {
			isa = PBXGroup;
			children = (
				266638F21C0AC3AA00543A48 /* AppConekta */,
				266638F11C0AC3AA00543A48 /* Products */,
			);
			sourceTree = "<group>";
		};
		266638F11C0AC3AA00543A48 /* Products */ = {
			isa = PBXGroup;
			children = (
				266638F01C0AC3AA00543A48 /* AppConekta.app */,
			);
			name = Products;
			sourceTree = "<group>";
		};
		266638F21C0AC3AA00543A48 /* AppConekta */ = {
			isa = PBXGroup;
			children = (
				266638F61C0AC3AA00543A48 /* AppDelegate.h */,
				266638F71C0AC3AA00543A48 /* AppDelegate.m */,
				266638F91C0AC3AA00543A48 /* ViewController.h */,
				266638FA1C0AC3AA00543A48 /* ViewController.m */,
				266638FC1C0AC3AA00543A48 /* Main.storyboard */,
				266639021C0AC3AA00543A48 /* Assets.xcassets */,
				266639041C0AC3AA00543A48 /* LaunchScreen.storyboard */,
				266639071C0AC3AA00543A48 /* Info.plist */,
				266638FF1C0AC3AA00543A48 /* AppConekta.xcdatamodeld */,
				266638F31C0AC3AA00543A48 /* Supporting Files */,
			);
			path = AppConekta;
			sourceTree = "<group>";
		};
		266638F31C0AC3AA00543A48 /* Supporting Files */ = {
			isa = PBXGroup;
			children = (
				266638F41C0AC3AA00543A48 /* main.m */,
			);
			name = "Supporting Files";
			sourceTree = "<group>";
		};
/* End PBXGroup section */

/* Begin PBXNativeTarget section */
		266638EF1C0AC3AA00543A48 /* AppConekta */ = {
			isa = PBXNativeTarget;
			buildConfigurationList = 2666390A1C0AC3AA00543A48 /* Build configuration list for PBXNativeTarget "AppConekta" */;
			buildPhases = (
				266638EC1C0AC3AA00543A48 /* Sources */,
				266638ED1C0AC3AA00543A48 /* Frameworks */,
				266638EE1C0AC3AA00543A48 /* Resources */,
			);
			buildRules = (
			);
			dependencies = (
			);
			name = AppConekta;
			productName = AppConekta;
			productReference = 266638F01C0AC3AA00543A48 /* AppConekta.app */;
			productType = "com.apple.product-type.application";
		};
/* End PBXNativeTarget section */

/* Begin PBXProject section */
		266638E81C0AC3AA00543A48 /* Project object */ = {
			isa = PBXProject;
			attributes = {
				LastUpgradeCheck = 0700;
				ORGANIZATIONNAME = "Elizabeth Martínez Gómez";
				TargetAttributes = {
					266638EF1C0AC3AA00543A48 = {
						CreatedOnToolsVersion = 7.0.1;
					};
				};
			};
			buildConfigurationList = 266638EB1C0AC3AA00543A48 /* Build configuration list for PBXProject "AppConekta" */;
			compatibilityVersion = "Xcode 3.2";
			developmentRegion = English;
			hasScannedForEncodings = 0;
			knownRegions = (
				en,
				Base,
			);
			mainGroup = 266638E71C0AC3AA00543A48;
			productRefGroup = 266638F11C0AC3AA00543A48 /* Products */;
			projectDirPath = "";
			projectRoot = "";
			targets = (
				266638EF1C0AC3AA00543A48 /* AppConekta */,
			);
		};
/* End PBXProject section */

/* Begin PBXResourcesBuildPhase section */
		266638EE1C0AC3AA00543A48 /* Resources */ = {
			isa = PBXResourcesBuildPhase;
			buildActionMask = 2147483647;
			files = (
				266639061C0AC3AA00543A48 /* LaunchScreen.storyboard in Resources */,
				266639031C0AC3AA00543A48 /* Assets.xcassets in Resources */,
				266638FE1C0AC3AA00543A48 /* Main.storyboard in Resources */,
			);
			runOnlyForDeploymentPostprocessing = 0;
		};
/* End PBXResourcesBuildPhase section */

/* Begin PBXSourcesBuildPhase section */
		266638EC1C0AC3AA00543A48 /* Sources */ = {
			isa = PBXSourcesBuildPhase;
			buildActionMask = 2147483647;
			files = (
				266638FB1C0AC3AA00543A48 /* ViewController.m in Sources */,
				266639011C0AC3AA00543A48 /* AppConekta.xcdatamodeld in Sources */,
				266638F81C0AC3AA00543A48 /* AppDelegate.m in Sources */,
				266638F51C0AC3AA00543A48 /* main.m in Sources */,
			);
			runOnlyForDeploymentPostprocessing = 0;
		};
/* End PBXSourcesBuildPhase section */

/* Begin PBXVariantGroup section */
		266638FC1C0AC3AA00543A48 /* Main.storyboard */ = {
			isa = PBXVariantGroup;
			children = (
				266638FD1C0AC3AA00543A48 /* Base */,
			);
			name = Main.storyboard;
			sourceTree = "<group>";
		};
		266639041C0AC3AA00543A48 /* LaunchScreen.storyboard */ = {
			isa = PBXVariantGroup;
			children = (
				266639051C0AC3AA00543A48 /* Base */,
			);
			name = LaunchScreen.storyboard;
			sourceTree = "<group>";
		};
/* End PBXVariantGroup section */

/* Begin XCBuildConfiguration section */
		266639081C0AC3AA00543A48 /* Debug */ = {
			isa = XCBuildConfiguration;
			buildSettings = {
				ALWAYS_SEARCH_USER_PATHS = NO;
				CLANG_CXX_LANGUAGE_STANDARD = "gnu++0x";
				CLANG_CXX_LIBRARY = "libc++";
				CLANG_ENABLE_MODULES = YES;
				CLANG_ENABLE_OBJC_ARC = YES;
				CLANG_WARN_BOOL_CONVERSION = YES;
				CLANG_WARN_CONSTANT_CONVERSION = YES;
				CLANG_WARN_DIRECT_OBJC_ISA_USAGE = YES_ERROR;
				CLANG_WARN_EMPTY_BODY = YES;
				CLANG_WARN_ENUM_CONVERSION = YES;
				CLANG_WARN_INT_CONVERSION = YES;
				CLANG_WARN_OBJC_ROOT_CLASS = YES_ERROR;
				CLANG_WARN_UNREACHABLE_CODE = YES;
				CLANG_WARN__DUPLICATE_METHOD_MATCH = YES;
				"CODE_SIGN_IDENTITY[sdk=iphoneos*]" = "iPhone Developer";
				COPY_PHASE_STRIP = NO;
				DEBUG_INFORMATION_FORMAT = dwarf;
				ENABLE_STRICT_OBJC_MSGSEND = YES;
				ENABLE_TESTABILITY = YES;
				GCC_C_LANGUAGE_STANDARD = gnu99;
				GCC_DYNAMIC_NO_PIC = NO;
				GCC_NO_COMMON_BLOCKS = YES;
				GCC_OPTIMIZATION_LEVEL = 0;
				GCC_PREPROCESSOR_DEFINITIONS = (
					"DEBUG=1",
					"$(inherited)",
				);
				GCC_WARN_64_TO_32_BIT_CONVERSION = YES;
				GCC_WARN_ABOUT_RETURN_TYPE = YES_ERROR;
				GCC_WARN_UNDECLARED_SELECTOR = YES;
				GCC_WARN_UNINITIALIZED_AUTOS = YES_AGGRESSIVE;
				GCC_WARN_UNUSED_FUNCTION = YES;
				GCC_WARN_UNUSED_VARIABLE = YES;
				IPHONEOS_DEPLOYMENT_TARGET = 9.0;
				MTL_ENABLE_DEBUG_INFO = YES;
				ONLY_ACTIVE_ARCH = YES;
				SDKROOT = iphoneos;
			};
			name = Debug;
		};
		266639091C0AC3AA00543A48 /* Release */ = {
			isa = XCBuildConfiguration;
			buildSettings = {
				ALWAYS_SEARCH_USER_PATHS = NO;
				CLANG_CXX_LANGUAGE_STANDARD = "gnu++0x";
				CLANG_CXX_LIBRARY = "libc++";
				CLANG_ENABLE_MODULES = YES;
				CLANG_ENABLE_OBJC_ARC = YES;
				CLANG_WARN_BOOL_CONVERSION = YES;
				CLANG_WARN_CONSTANT_CONVERSION = YES;
				CLANG_WARN_DIRECT_OBJC_ISA_USAGE = YES_ERROR;
				CLANG_WARN_EMPTY_BODY = YES;
				CLANG_WARN_ENUM_CONVERSION = YES;
				CLANG_WARN_INT_CONVERSION = YES;
				CLANG_WARN_OBJC_ROOT_CLASS = YES_ERROR;
				CLANG_WARN_UNREACHABLE_CODE = YES;
				CLANG_WARN__DUPLICATE_METHOD_MATCH = YES;
				"CODE_SIGN_IDENTITY[sdk=iphoneos*]" = "iPhone Developer";
				COPY_PHASE_STRIP = NO;
				DEBUG_INFORMATION_FORMAT = "dwarf-with-dsym";
				ENABLE_NS_ASSERTIONS = NO;
				ENABLE_STRICT_OBJC_MSGSEND = YES;
				GCC_C_LANGUAGE_STANDARD = gnu99;
				GCC_NO_COMMON_BLOCKS = YES;
				GCC_WARN_64_TO_32_BIT_CONVERSION = YES;
				GCC_WARN_ABOUT_RETURN_TYPE = YES_ERROR;
				GCC_WARN_UNDECLARED_SELECTOR = YES;
				GCC_WARN_UNINITIALIZED_AUTOS = YES_AGGRESSIVE;
				GCC_WARN_UNUSED_FUNCTION = YES;
				GCC_WARN_UNUSED_VARIABLE = YES;
				IPHONEOS_DEPLOYMENT_TARGET = 9.0;
				MTL_ENABLE_DEBUG_INFO = NO;
				SDKROOT = iphoneos;
				VALIDATE_PRODUCT = YES;
			};
			name = Release;
		};
		2666390B1C0AC3AA00543A48 /* Debug */ = {
			isa = XCBuildConfiguration;
			buildSettings = {
				ASSETCATALOG_COMPILER_APPICON_NAME = AppIcon;
				INFOPLIST_FILE = AppConekta/Info.plist;
				LD_RUNPATH_SEARCH_PATHS = "$(inherited) @executable_path/Frameworks";
				PRODUCT_BUNDLE_IDENTIFIER = margom.AppConekta;
				PRODUCT_NAME = "$(TARGET_NAME)";
			};
			name = Debug;
		};
		2666390C1C0AC3AA00543A48 /* Release */ = {
			isa = XCBuildConfiguration;
			buildSettings = {
				ASSETCATALOG_COMPILER_APPICON_NAME = AppIcon;
				INFOPLIST_FILE = AppConekta/Info.plist;
				LD_RUNPATH_SEARCH_PATHS = "$(inherited) @executable_path/Frameworks";
				PRODUCT_BUNDLE_IDENTIFIER = margom.AppConekta;
				PRODUCT_NAME = "$(TARGET_NAME)";
			};
			name = Release;
		};
/* End XCBuildConfiguration section */

/* Begin XCConfigurationList section */
		266638EB1C0AC3AA00543A48 /* Build configuration list for PBXProject "AppConekta" */ = {
			isa = XCConfigurationList;
			buildConfigurations = (
				266639081C0AC3AA00543A48 /* Debug */,
				266639091C0AC3AA00543A48 /* Release */,
			);
			defaultConfigurationIsVisible = 0;
			defaultConfigurationName = Release;
		};
		2666390A1C0AC3AA00543A48 /* Build configuration list for PBXNativeTarget "AppConekta" */ = {
			isa = XCConfigurationList;
			buildConfigurations = (
				2666390B1C0AC3AA00543A48 /* Debug */,
				2666390C1C0AC3AA00543A48 /* Release */,
			);
			defaultConfigurationIsVisible = 0;
		};
/* End XCConfigurationList section */

/* Begin XCVersionGroup section */
		266638FF1C0AC3AA00543A48 /* AppConekta.xcdatamodeld */ = {
			isa = XCVersionGroup;
			children = (
				266639001C0AC3AA00543A48 /* AppConekta.xcdatamodel */,
			);
			currentVersion = 266639001C0AC3AA00543A48 /* AppConekta.xcdatamodel */;
			path = AppConekta.xcdatamodeld;
			sourceTree = "<group>";
			versionGroupType = wrapper.xcdatamodel;
		};
/* End XCVersionGroup section */
	};
	rootObject = 266638E81C0AC3AA00543A48 /* Project object */;
}
